Microsoft Visual Studio Solution File, Format Version 12.00
# Visual Studio Version 18
VisualStudioVersion = 18.6.11822.322
MinimumVisualStudioVersion = 10.0.40219.1
Project("{FAE04EC0-301F-11D3-BF4B-00C04F79EFBC}") = "CSharpBasicProblem", "CSharpBasicProblem\CSharpBasicProblem.csproj", "{5B83085E-A66D-4493-A387-2D84B890362A}"
EndProject
Project("{FAE04EC0-301F-11D3-BF4B-00C04F79EFBC}") = "CSharpBasicProblem.Tests", "CSharpBasicProblem.Tests\CSharpBasicProblem.Tests.csproj", "{D6F33AF3-9DC7-47DF-A512-8DA65246F635}"
EndProject
Project("{2150E333-8FDC-42A3-9474-1A3956D46DE8}") = "Bookstudy", "Bookstudy", "{43FEB324-AFB1-413E-8C53-3911914811B3}"
EndProject
Project("{FAE04EC0-301F-11D3-BF4B-00C04F79EFBC}") = "example303", "Bookstudy\example303\example303\example303.csproj", "{42DEA337-EBF1-7251-EFE1-0A4C9422A6A3}"
EndProject
Project("{FAE04EC0-301F-11D3-BF4B-00C04F79EFBC}") = "example304", "Bookstudy\example304\example304\example304.csproj", "{A671E2F6-EF72-94C8-C638-50044BFC1DB6}"
EndProject
Project("{FAE04EC0-301F-11D3-BF4B-00C04F79EFBC}") = "example305", "Bookstudy\example305\example305\example305.csproj", "{866CFC84-B0E0-A06D-3E53-677892036E36}"
EndProject
Project("{FAE04EC0-301F-11D3-BF4B-00C04F79EFBC}") = "question401", "Bookstudy\question401\question401\question401.csproj", "{47D1D5E1-CF93-AC06-D5B9-5658A2C3C801}"
EndProject
Project("{FAE04EC0-301F-11D3-BF4B-00C04F79EFBC}") = "question402", "Bookstudy\question402\question402\question402.csproj", "{B635DD53-3919-E9C3-A20A-2D26551F9D3E}"
EndProject
Project("{FAE04EC0-301F-11D3-BF4B-00C04F79EFBC}") = "question403", "Bookstudy\question403\question403\question403.csproj", "{432B40F9-935E-CFD3-7566-A104363C172E}"
EndProject
Project("{FAE04EC0-301F-11D3-BF4B-00C04F79EFBC}") = "sample401", "Bookstudy\sample401\sample401.csproj", "{727C3685-A034-E737-02E4-91DE10CC40BD}"
EndProject
Project("{FAE04EC0-301F-11D3-BF4B-00C04F79EFBC}") = "sample402", "Bookstudy\sample402\sample402.csproj", "{9DBF1C71-892C-7794-4D01-5A32CC9BCD7F}"
EndProject
Global
	GlobalSection(SolutionConfigurationPlatforms) = preSolution
		Debug|Any CPU = Debug|Any CPU
		Release|Any CPU = Release|Any CPU
	EndGlobalSection
	GlobalSection(ProjectConfigurationPlatforms) = postSolution
		{5B83085E-A66D-4493-A387-2D84B890362A}.Debug|Any CPU.ActiveCfg = Debug|Any CPU
		{5B83085E-A66D-4493-A387-2D84B890362A}.Debug|Any CPU.Build.0 = Debug|Any CPU
		{5B83085E-A66D-4493-A387-2D84B890362A}.Release|Any CPU.ActiveCfg = Release|Any CPU
		{5B83085E-A66D-4493-A387-2D84B890362A}.Release|Any CPU.Build.0 = Release|Any CPU
		{D6F33AF3-9DC7-47DF-A512-8DA65246F635}.Debug|Any CPU.ActiveCfg = Debug|Any CPU
		{D6F33AF3-9DC7-47DF-A512-8DA65246F635}.Debug|Any CPU.Build.0 = Debug|Any CPU
		{D6F33AF3-9DC7-47DF-A512-8DA65246F635}.Release|Any CPU.ActiveCfg = Release|Any CPU
		{D6F33AF3-9DC7-47DF-A512-8DA65246F635}.Release|Any CPU.Build.0 = Release|Any CPU
		{42DEA337-EBF1-7251-EFE1-0A4C9422A6A3}.Debug|Any CPU.ActiveCfg = Debug|Any CPU
		{42DEA337-EBF1-7251-EFE1-0A4C9422A6A3}.Debug|Any CPU.Build.0 = Debug|Any CPU
		{42DEA337-EBF1-7251-EFE1-0A4C9422A6A3}.Release|Any CPU.ActiveCfg = Release|Any CPU
		{42DEA337-EBF1-7251-EFE1-0A4C9422A6A3}.Release|Any CPU.Build.0 = Release|Any CPU
		{A671E2F6-EF72-94C8-C638-50044BFC1DB6}.Debug|Any CPU.ActiveCfg = Debug|Any CPU
		{A671E2F6-EF72-94C8-C638-50044BFC1DB6}.Debug|Any CPU.Build.0 = Debug|Any CPU
		{A671E2F6-EF72-94C8-C638-50044BFC1DB6}.Release|Any CPU.ActiveCfg = Release|Any CPU
		{A671E2F6-EF72-94C8-C638-50044BFC1DB6}.Release|Any CPU.Build.0 = Release|Any CPU
		{866CFC84-B0E0-A06D-3E53-677892036E36}.Debug|Any CPU.ActiveCfg = Debug|Any CPU
		{866CFC84-B0E0-A06D-3E53-677892036E36}.Debug|Any CPU.Build.0 = Debug|Any CPU
		{866CFC84-B0E0-A06D-3E53-677892036E36}.Release|Any CPU.ActiveCfg = Release|Any CPU
		{866CFC84-B0E0-A06D-3E53-677892036E36}.Release|Any CPU.Build.0 = Release|Any CPU
		{47D1D5E1-CF93-AC06-D5B9-5658A2C3C801}.Debug|Any CPU.ActiveCfg = Debug|Any CPU
		{47D1D5E1-CF93-AC06-D5B9-5658A2C3C801}.Debug|Any CPU.Build.0 = Debug|Any CPU
		{47D1D5E1-CF93-AC06-D5B9-5658A2C3C801}.Release|Any CPU.ActiveCfg = Release|Any CPU
		{47D1D5E1-CF93-AC06-D5B9-5658A2C3C801}.Release|Any CPU.Build.0 = Release|Any CPU
		{B635DD53-3919-E9C3-A20A-2D26551F9D3E}.Debug|Any CPU.ActiveCfg = Debug|Any CPU
		{B635DD53-3919-E9C3-A20A-2D26551F9D3E}.Debug|Any CPU.Build.0 = Debug|Any CPU
		{B635DD53-3919-E9C3-A20A-2D26551F9D3E}.Release|Any CPU.ActiveCfg = Release|Any CPU
		{B635DD53-3919-E9C3-A20A-2D26551F9D3E}.Release|Any CPU.Build.0 = Release|Any CPU
		{432B40F9-935E-CFD3-7566-A104363C172E}.Debug|Any CPU.ActiveCfg = Debug|Any CPU
		{432B40F9-935E-CFD3-7566-A104363C172E}.Debug|Any CPU.Build.0 = Debug|Any CPU
		{432B40F9-935E-CFD3-7566-A104363C172E}.Release|Any CPU.ActiveCfg = Release|Any CPU
		{432B40F9-935E-CFD3-7566-A104363C172E}.Release|Any CPU.Build.0 = Release|Any CPU
		{727C3685-A034-E737-02E4-91DE10CC40BD}.Debug|Any CPU.ActiveCfg = Debug|Any CPU
		{727C3685-A034-E737-02E4-91DE10CC40BD}.Debug|Any CPU.Build.0 = Debug|Any CPU
		{727C3685-A034-E737-02E4-91DE10CC40BD}.Release|Any CPU.ActiveCfg = Release|Any CPU
		{727C3685-A034-E737-02E4-91DE10CC40BD}.Release|Any CPU.Build.0 = Release|Any CPU
		{9DBF1C71-892C-7794-4D01-5A32CC9BCD7F}.Debug|Any CPU.ActiveCfg = Debug|Any CPU
		{9DBF1C71-892C-7794-4D01-5A32CC9BCD7F}.Debug|Any CPU.Build.0 = Debug|Any CPU
		{9DBF1C71-892C-7794-4D01-5A32CC9BCD7F}.Release|Any CPU.ActiveCfg = Release|Any CPU
		{9DBF1C71-892C-7794-4D01-5A32CC9BCD7F}.Release|Any CPU.Build.0 = Release|Any CPU
	EndGlobalSection
	GlobalSection(SolutionProperties) = preSolution
		HideSolutionNode = FALSE
	EndGlobalSection
	GlobalSection(NestedProjects) = preSolution
		{42DEA337-EBF1-7251-EFE1-0A4C9422A6A3} = {43FEB324-AFB1-413E-8C53-3911914811B3}
		{A671E2F6-EF72-94C8-C638-50044BFC1DB6} = {43FEB324-AFB1-413E-8C53-3911914811B3}
		{866CFC84-B0E0-A06D-3E53-677892036E36} = {43FEB324-AFB1-413E-8C53-3911914811B3}
		{47D1D5E1-CF93-AC06-D5B9-5658A2C3C801} = {43FEB324-AFB1-413E-8C53-3911914811B3}
		{B635DD53-3919-E9C3-A20A-2D26551F9D3E} = {43FEB324-AFB1-413E-8C53-3911914811B3}
		{432B40F9-935E-CFD3-7566-A104363C172E} = {43FEB324-AFB1-413E-8C53-3911914811B3}
		{727C3685-A034-E737-02E4-91DE10CC40BD} = {43FEB324-AFB1-413E-8C53-3911914811B3}
		{9DBF1C71-892C-7794-4D01-5A32CC9BCD7F} = {43FEB324-AFB1-413E-8C53-3911914811B3}
	EndGlobalSection
	GlobalSection(ExtensibilityGlobals) = postSolution
		SolutionGuid = {9B467041-BEF5-44A2-9B83-376C5C46062C}
	EndGlobalSection
EndGlobal
