
Microsoft Visual Studio Solution File, Format Version 12.00
# Visual Studio Version 18
VisualStudioVersion = 18.6.11822.322
MinimumVisualStudioVersion = 10.0.40219.1
Project("{FAE04EC0-301F-11D3-BF4B-00C04F79EFBC}") = "CSharpBasicProblem", "CSharpBasicProblem\CSharpBasicProblem.csproj", "{5B83085E-A66D-4493-A387-2D84B890362A}"
EndProject
Project("{FAE04EC0-301F-11D3-BF4B-00C04F79EFBC}") = "CSharpBasicProblem.Tests", "CSharpBasicProblem.Tests\CSharpBasicProblem.Tests.csproj", "{D6F33AF3-9DC7-47DF-A512-8DA65246F635}"
EndProject
Project("{2150E333-8FDC-42A3-9474-1A3956D46DE8}") = "Bookstudy", "Bookstudy", "{43FEB324-AFB1-413E-8C53-3911914811B3}"
EndProject
Project("{FAE04EC0-301F-11D3-BF4B-00C04F79EFBC}") = "example303", "Bookstudy\example303\example303\example303.csproj", "{42DEA337-EBF1-7251-EFE1-0A4C9422A6A3}"
EndProject
Project("{FAE04EC0-301F-11D3-BF4B-00C04F79EFBC}") = "example304", "Bookstudy\example304\example304\example304.csproj", "{A671E2F6-EF72-94C8-C638-50044BFC1DB6}"
EndProject
Project("{FAE04EC0-301F-11D3-BF4B-00C04F79EFBC}") = "example305", "Bookstudy\example305\example305\example305.csproj", "{866CFC84-B0E0-A06D-3E53-677892036E36}"
EndProject
Project("{FAE04EC0-301F-11D3-BF4B-00C04F79EFBC}") = "sample401", "Bookstudy\sample401\sample401.csproj", "{727C3685-A034-E737-02E4-91DE10CC40BD}"
EndProject
Project("{FAE04EC0-301F-11D3-BF4B-00C04F79EFBC}") = "sample402", "Bookstudy\sample402\sample402.csproj", "{9DBF1C71-892C-7794-4D01-5A32CC9BCD7F}"
EndProject
Project("{FAE04EC0-301F-11D3-BF4B-00C04F79EFBC}") = "sample309", "Bookstudy\sample309\sample309.csproj", "{BF32AC7B-631F-74AD-EE96-2BF72B48C64C}"
EndProject
Project("{FAE04EC0-301F-11D3-BF4B-00C04F79EFBC}") = "example308", "Bookstudy\example308\example308.csproj", "{1AF841E1-1AC1-1C00-E7AC-D5678B869A38}"
EndProject
Project("{FAE04EC0-301F-11D3-BF4B-00C04F79EFBC}") = "example309", "Bookstudy\example309\example309.csproj", "{A7CE35FA-DF4C-454D-81C5-A4D179CD4B08}"
EndProject
Project("{FAE04EC0-301F-11D3-BF4B-00C04F79EFBC}") = "example310", "Bookstudy\example310\example310.csproj", "{C6F98B69-0D2B-46A9-87BF-11BB89CB8BB3}"
EndProject
Project("{FAE04EC0-301F-11D3-BF4B-00C04F79EFBC}") = "Bookreview", "Bookreview\Bookreview.csproj", "{C363A60C-2A0F-4FA6-82AC-6067A47F6AAB}"
EndProject
Project("{FAE04EC0-301F-11D3-BF4B-00C04F79EFBC}") = "sample403", "Bookstudy\sample403\sample403.csproj", "{47E794A4-35E2-48B1-8892-647BB2534DBA}"
EndProject
Project("{FAE04EC0-301F-11D3-BF4B-00C04F79EFBC}") = "sample405", "Bookstudy\Sample405\sample405.csproj", "{C34A4CE2-4EBE-4D32-8D9C-24C9680835B8}"
EndProject
Project("{FAE04EC0-301F-11D3-BF4B-00C04F79EFBC}") = "example401", "Bookstudy\example401\question401\example401.csproj", "{EAB4336A-FF5D-3E39-95BC-E5BED7861A87}"
EndProject
Project("{FAE04EC0-301F-11D3-BF4B-00C04F79EFBC}") = "example402", "Bookstudy\example402\question402\example402.csproj", "{2C67508D-0794-577A-FA6D-D6CA288EB905}"
EndProject
Project("{FAE04EC0-301F-11D3-BF4B-00C04F79EFBC}") = "example403", "Bookstudy\example403\question403\example403.csproj", "{94F89A15-5E5E-589C-5F64-9A9353B4E93C}"
EndProject
Project("{FAE04EC0-301F-11D3-BF4B-00C04F79EFBC}") = "example406", "Bookstudy\example406\example406.csproj", "{EBCFB483-A6DE-4A98-B4B5-DF39BBDBDF7A}"
EndProject
Project("{FAE04EC0-301F-11D3-BF4B-00C04F79EFBC}") = "example407", "Bookstudy\example407\example407.csproj", "{ECC04B58-03DC-447A-A08F-5044B971BC41}"
EndProject
Project("{FAE04EC0-301F-11D3-BF4B-00C04F79EFBC}") = "example408", "Bookstudy\example408\example408.csproj", "{A17A8CCC-0D28-4568-B69C-A7CE77E085C2}"
EndProject
Project("{FAE04EC0-301F-11D3-BF4B-00C04F79EFBC}") = "BookLearning", "BookLearning\BookLearning.csproj", "{2C19FAE4-57C9-4748-B957-77BF52B7315C}"
EndProject
Global
	GlobalSection(SolutionConfigurationPlatforms) = preSolution
		Debug|Any CPU = Debug|Any CPU
		Debug|x64 = Debug|x64
		Debug|x86 = Debug|x86
		Release|Any CPU = Release|Any CPU
		Release|x64 = Release|x64
		Release|x86 = Release|x86
	EndGlobalSection
	GlobalSection(ProjectConfigurationPlatforms) = postSolution
		{5B83085E-A66D-4493-A387-2D84B890362A}.Debug|Any CPU.ActiveCfg = Debug|Any CPU
		{5B83085E-A66D-4493-A387-2D84B890362A}.Debug|Any CPU.Build.0 = Debug|Any CPU
		{5B83085E-A66D-4493-A387-2D84B890362A}.Debug|x64.ActiveCfg = Debug|Any CPU
		{5B83085E-A66D-4493-A387-2D84B890362A}.Debug|x64.Build.0 = Debug|Any CPU
		{5B83085E-A66D-4493-A387-2D84B890362A}.Debug|x86.ActiveCfg = Debug|Any CPU
		{5B83085E-A66D-4493-A387-2D84B890362A}.Debug|x86.Build.0 = Debug|Any CPU
		{5B83085E-A66D-4493-A387-2D84B890362A}.Release|Any CPU.ActiveCfg = Release|Any CPU
		{5B83085E-A66D-4493-A387-2D84B890362A}.Release|Any CPU.Build.0 = Release|Any CPU
		{5B83085E-A66D-4493-A387-2D84B890362A}.Release|x64.ActiveCfg = Release|Any CPU
		{5B83085E-A66D-4493-A387-2D84B890362A}.Release|x64.Build.0 = Release|Any CPU
		{5B83085E-A66D-4493-A387-2D84B890362A}.Release|x86.ActiveCfg = Release|Any CPU
		{5B83085E-A66D-4493-A387-2D84B890362A}.Release|x86.Build.0 = Release|Any CPU
		{D6F33AF3-9DC7-47DF-A512-8DA65246F635}.Debug|Any CPU.ActiveCfg = Debug|Any CPU
		{D6F33AF3-9DC7-47DF-A512-8DA65246F635}.Debug|Any CPU.Build.0 = Debug|Any CPU
		{D6F33AF3-9DC7-47DF-A512-8DA65246F635}.Debug|x64.ActiveCfg = Debug|Any CPU
		{D6F33AF3-9DC7-47DF-A512-8DA65246F635}.Debug|x64.Build.0 = Debug|Any CPU
		{D6F33AF3-9DC7-47DF-A512-8DA65246F635}.Debug|x86.ActiveCfg = Debug|Any CPU
		{D6F33AF3-9DC7-47DF-A512-8DA65246F635}.Debug|x86.Build.0 = Debug|Any CPU
		{D6F33AF3-9DC7-47DF-A512-8DA65246F635}.Release|Any CPU.ActiveCfg = Release|Any CPU
		{D6F33AF3-9DC7-47DF-A512-8DA65246F635}.Release|Any CPU.Build.0 = Release|Any CPU
		{D6F33AF3-9DC7-47DF-A512-8DA65246F635}.Release|x64.ActiveCfg = Release|Any CPU
		{D6F33AF3-9DC7-47DF-A512-8DA65246F635}.Release|x64.Build.0 = Release|Any CPU
		{D6F33AF3-9DC7-47DF-A512-8DA65246F635}.Release|x86.ActiveCfg = Release|Any CPU
		{D6F33AF3-9DC7-47DF-A512-8DA65246F635}.Release|x86.Build.0 = Release|Any CPU
		{42DEA337-EBF1-7251-EFE1-0A4C9422A6A3}.Debug|Any CPU.ActiveCfg = Debug|Any CPU
		{42DEA337-EBF1-7251-EFE1-0A4C9422A6A3}.Debug|Any CPU.Build.0 = Debug|Any CPU
		{42DEA337-EBF1-7251-EFE1-0A4C9422A6A3}.Debug|x64.ActiveCfg = Debug|Any CPU
		{42DEA337-EBF1-7251-EFE1-0A4C9422A6A3}.Debug|x64.Build.0 = Debug|Any CPU
		{42DEA337-EBF1-7251-EFE1-0A4C9422A6A3}.Debug|x86.ActiveCfg = Debug|Any CPU
		{42DEA337-EBF1-7251-EFE1-0A4C9422A6A3}.Debug|x86.Build.0 = Debug|Any CPU
		{42DEA337-EBF1-7251-EFE1-0A4C9422A6A3}.Release|Any CPU.ActiveCfg = Release|Any CPU
		{42DEA337-EBF1-7251-EFE1-0A4C9422A6A3}.Release|Any CPU.Build.0 = Release|Any CPU
		{42DEA337-EBF1-7251-EFE1-0A4C9422A6A3}.Release|x64.ActiveCfg = Release|Any CPU
		{42DEA337-EBF1-7251-EFE1-0A4C9422A6A3}.Release|x64.Build.0 = Release|Any CPU
		{42DEA337-EBF1-7251-EFE1-0A4C9422A6A3}.Release|x86.ActiveCfg = Release|Any CPU
		{42DEA337-EBF1-7251-EFE1-0A4C9422A6A3}.Release|x86.Build.0 = Release|Any CPU
		{A671E2F6-EF72-94C8-C638-50044BFC1DB6}.Debug|Any CPU.ActiveCfg = Debug|Any CPU
		{A671E2F6-EF72-94C8-C638-50044BFC1DB6}.Debug|Any CPU.Build.0 = Debug|Any CPU
		{A671E2F6-EF72-94C8-C638-50044BFC1DB6}.Debug|x64.ActiveCfg = Debug|Any CPU
		{A671E2F6-EF72-94C8-C638-50044BFC1DB6}.Debug|x64.Build.0 = Debug|Any CPU
		{A671E2F6-EF72-94C8-C638-50044BFC1DB6}.Debug|x86.ActiveCfg = Debug|Any CPU
		{A671E2F6-EF72-94C8-C638-50044BFC1DB6}.Debug|x86.Build.0 = Debug|Any CPU
		{A671E2F6-EF72-94C8-C638-50044BFC1DB6}.Release|Any CPU.ActiveCfg = Release|Any CPU
		{A671E2F6-EF72-94C8-C638-50044BFC1DB6}.Release|Any CPU.Build.0 = Release|Any CPU
		{A671E2F6-EF72-94C8-C638-50044BFC1DB6}.Release|x64.ActiveCfg = Release|Any CPU
		{A671E2F6-EF72-94C8-C638-50044BFC1DB6}.Release|x64.Build.0 = Release|Any CPU
		{A671E2F6-EF72-94C8-C638-50044BFC1DB6}.Release|x86.ActiveCfg = Release|Any CPU
		{A671E2F6-EF72-94C8-C638-50044BFC1DB6}.Release|x86.Build.0 = Release|Any CPU
		{866CFC84-B0E0-A06D-3E53-677892036E36}.Debug|Any CPU.ActiveCfg = Debug|Any CPU
		{866CFC84-B0E0-A06D-3E53-677892036E36}.Debug|Any CPU.Build.0 = Debug|Any CPU
		{866CFC84-B0E0-A06D-3E53-677892036E36}.Debug|x64.ActiveCfg = Debug|Any CPU
		{866CFC84-B0E0-A06D-3E53-677892036E36}.Debug|x64.Build.0 = Debug|Any CPU
		{866CFC84-B0E0-A06D-3E53-677892036E36}.Debug|x86.ActiveCfg = Debug|Any CPU
		{866CFC84-B0E0-A06D-3E53-677892036E36}.Debug|x86.Build.0 = Debug|Any CPU
		{866CFC84-B0E0-A06D-3E53-677892036E36}.Release|Any CPU.ActiveCfg = Release|Any CPU
		{866CFC84-B0E0-A06D-3E53-677892036E36}.Release|Any CPU.Build.0 = Release|Any CPU
		{866CFC84-B0E0-A06D-3E53-677892036E36}.Release|x64.ActiveCfg = Release|Any CPU
		{866CFC84-B0E0-A06D-3E53-677892036E36}.Release|x64.Build.0 = Release|Any CPU
		{866CFC84-B0E0-A06D-3E53-677892036E36}.Release|x86.ActiveCfg = Release|Any CPU
		{866CFC84-B0E0-A06D-3E53-677892036E36}.Release|x86.Build.0 = Release|Any CPU
		{727C3685-A034-E737-02E4-91DE10CC40BD}.Debug|Any CPU.ActiveCfg = Debug|Any CPU
		{727C3685-A034-E737-02E4-91DE10CC40BD}.Debug|Any CPU.Build.0 = Debug|Any CPU
		{727C3685-A034-E737-02E4-91DE10CC40BD}.Debug|x64.ActiveCfg = Debug|Any CPU
		{727C3685-A034-E737-02E4-91DE10CC40BD}.Debug|x64.Build.0 = Debug|Any CPU
		{727C3685-A034-E737-02E4-91DE10CC40BD}.Debug|x86.ActiveCfg = Debug|Any CPU
		{727C3685-A034-E737-02E4-91DE10CC40BD}.Debug|x86.Build.0 = Debug|Any CPU
		{727C3685-A034-E737-02E4-91DE10CC40BD}.Release|Any CPU.ActiveCfg = Release|Any CPU
		{727C3685-A034-E737-02E4-91DE10CC40BD}.Release|Any CPU.Build.0 = Release|Any CPU
		{727C3685-A034-E737-02E4-91DE10CC40BD}.Release|x64.ActiveCfg = Release|Any CPU
		{727C3685-A034-E737-02E4-91DE10CC40BD}.Release|x64.Build.0 = Release|Any CPU
		{727C3685-A034-E737-02E4-91DE10CC40BD}.Release|x86.ActiveCfg = Release|Any CPU
		{727C3685-A034-E737-02E4-91DE10CC40BD}.Release|x86.Build.0 = Release|Any CPU
		{9DBF1C71-892C-7794-4D01-5A32CC9BCD7F}.Debug|Any CPU.ActiveCfg = Debug|Any CPU
		{9DBF1C71-892C-7794-4D01-5A32CC9BCD7F}.Debug|Any CPU.Build.0 = Debug|Any CPU
		{9DBF1C71-892C-7794-4D01-5A32CC9BCD7F}.Debug|x64.ActiveCfg = Debug|Any CPU
		{9DBF1C71-892C-7794-4D01-5A32CC9BCD7F}.Debug|x64.Build.0 = Debug|Any CPU
		{9DBF1C71-892C-7794-4D01-5A32CC9BCD7F}.Debug|x86.ActiveCfg = Debug|Any CPU
		{9DBF1C71-892C-7794-4D01-5A32CC9BCD7F}.Debug|x86.Build.0 = Debug|Any CPU
		{9DBF1C71-892C-7794-4D01-5A32CC9BCD7F}.Release|Any CPU.ActiveCfg = Release|Any CPU
		{9DBF1C71-892C-7794-4D01-5A32CC9BCD7F}.Release|Any CPU.Build.0 = Release|Any CPU
		{9DBF1C71-892C-7794-4D01-5A32CC9BCD7F}.Release|x64.ActiveCfg = Release|Any CPU
		{9DBF1C71-892C-7794-4D01-5A32CC9BCD7F}.Release|x64.Build.0 = Release|Any CPU
		{9DBF1C71-892C-7794-4D01-5A32CC9BCD7F}.Release|x86.ActiveCfg = Release|Any CPU
		{9DBF1C71-892C-7794-4D01-5A32CC9BCD7F}.Release|x86.Build.0 = Release|Any CPU
		{BF32AC7B-631F-74AD-EE96-2BF72B48C64C}.Debug|Any CPU.ActiveCfg = Debug|Any CPU
		{BF32AC7B-631F-74AD-EE96-2BF72B48C64C}.Debug|Any CPU.Build.0 = Debug|Any CPU
		{BF32AC7B-631F-74AD-EE96-2BF72B48C64C}.Debug|x64.ActiveCfg = Debug|Any CPU
		{BF32AC7B-631F-74AD-EE96-2BF72B48C64C}.Debug|x64.Build.0 = Debug|Any CPU
		{BF32AC7B-631F-74AD-EE96-2BF72B48C64C}.Debug|x86.ActiveCfg = Debug|Any CPU
		{BF32AC7B-631F-74AD-EE96-2BF72B48C64C}.Debug|x86.Build.0 = Debug|Any CPU
		{BF32AC7B-631F-74AD-EE96-2BF72B48C64C}.Release|Any CPU.ActiveCfg = Release|Any CPU
		{BF32AC7B-631F-74AD-EE96-2BF72B48C64C}.Release|Any CPU.Build.0 = Release|Any CPU
		{BF32AC7B-631F-74AD-EE96-2BF72B48C64C}.Release|x64.ActiveCfg = Release|Any CPU
		{BF32AC7B-631F-74AD-EE96-2BF72B48C64C}.Release|x64.Build.0 = Release|Any CPU
		{BF32AC7B-631F-74AD-EE96-2BF72B48C64C}.Release|x86.ActiveCfg = Release|Any CPU
		{BF32AC7B-631F-74AD-EE96-2BF72B48C64C}.Release|x86.Build.0 = Release|Any CPU
		{1AF841E1-1AC1-1C00-E7AC-D5678B869A38}.Debug|Any CPU.ActiveCfg = Debug|Any CPU
		{1AF841E1-1AC1-1C00-E7AC-D5678B869A38}.Debug|Any CPU.Build.0 = Debug|Any CPU
		{1AF841E1-1AC1-1C00-E7AC-D5678B869A38}.Debug|x64.ActiveCfg = Debug|Any CPU
		{1AF841E1-1AC1-1C00-E7AC-D5678B869A38}.Debug|x64.Build.0 = Debug|Any CPU
		{1AF841E1-1AC1-1C00-E7AC-D5678B869A38}.Debug|x86.ActiveCfg = Debug|Any CPU
		{1AF841E1-1AC1-1C00-E7AC-D5678B869A38}.Debug|x86.Build.0 = Debug|Any CPU
		{1AF841E1-1AC1-1C00-E7AC-D5678B869A38}.Release|Any CPU.ActiveCfg = Release|Any CPU
		{1AF841E1-1AC1-1C00-E7AC-D5678B869A38}.Release|Any CPU.Build.0 = Release|Any CPU
		{1AF841E1-1AC1-1C00-E7AC-D5678B869A38}.Release|x64.ActiveCfg = Release|Any CPU
		{1AF841E1-1AC1-1C00-E7AC-D5678B869A38}.Release|x64.Build.0 = Release|Any CPU
		{1AF841E1-1AC1-1C00-E7AC-D5678B869A38}.Release|x86.ActiveCfg = Release|Any CPU
		{1AF841E1-1AC1-1C00-E7AC-D5678B869A38}.Release|x86.Build.0 = Release|Any CPU
		{A7CE35FA-DF4C-454D-81C5-A4D179CD4B08}.Debug|Any CPU.ActiveCfg = Debug|Any CPU
		{A7CE35FA-DF4C-454D-81C5-A4D179CD4B08}.Debug|Any CPU.Build.0 = Debug|Any CPU
		{A7CE35FA-DF4C-454D-81C5-A4D179CD4B08}.Debug|x64.ActiveCfg = Debug|Any CPU
		{A7CE35FA-DF4C-454D-81C5-A4D179CD4B08}.Debug|x64.Build.0 = Debug|Any CPU
		{A7CE35FA-DF4C-454D-81C5-A4D179CD4B08}.Debug|x86.ActiveCfg = Debug|Any CPU
		{A7CE35FA-DF4C-454D-81C5-A4D179CD4B08}.Debug|x86.Build.0 = Debug|Any CPU
		{A7CE35FA-DF4C-454D-81C5-A4D179CD4B08}.Release|Any CPU.ActiveCfg = Release|Any CPU
		{A7CE35FA-DF4C-454D-81C5-A4D179CD4B08}.Release|Any CPU.Build.0 = Release|Any CPU
		{A7CE35FA-DF4C-454D-81C5-A4D179CD4B08}.Release|x64.ActiveCfg = Release|Any CPU
		{A7CE35FA-DF4C-454D-81C5-A4D179CD4B08}.Release|x64.Build.0 = Release|Any CPU
		{A7CE35FA-DF4C-454D-81C5-A4D179CD4B08}.Release|x86.ActiveCfg = Release|Any CPU
		{A7CE35FA-DF4C-454D-81C5-A4D179CD4B08}.Release|x86.Build.0 = Release|Any CPU
		{C6F98B69-0D2B-46A9-87BF-11BB89CB8BB3}.Debug|Any CPU.ActiveCfg = Debug|Any CPU
		{C6F98B69-0D2B-46A9-87BF-11BB89CB8BB3}.Debug|Any CPU.Build.0 = Debug|Any CPU
		{C6F98B69-0D2B-46A9-87BF-11BB89CB8BB3}.Debug|x64.ActiveCfg = Debug|Any CPU
		{C6F98B69-0D2B-46A9-87BF-11BB89CB8BB3}.Debug|x64.Build.0 = Debug|Any CPU
		{C6F98B69-0D2B-46A9-87BF-11BB89CB8BB3}.Debug|x86.ActiveCfg = Debug|Any CPU
		{C6F98B69-0D2B-46A9-87BF-11BB89CB8BB3}.Debug|x86.Build.0 = Debug|Any CPU
		{C6F98B69-0D2B-46A9-87BF-11BB89CB8BB3}.Release|Any CPU.ActiveCfg = Release|Any CPU
		{C6F98B69-0D2B-46A9-87BF-11BB89CB8BB3}.Release|Any CPU.Build.0 = Release|Any CPU
		{C6F98B69-0D2B-46A9-87BF-11BB89CB8BB3}.Release|x64.ActiveCfg = Release|Any CPU
		{C6F98B69-0D2B-46A9-87BF-11BB89CB8BB3}.Release|x64.Build.0 = Release|Any CPU
		{C6F98B69-0D2B-46A9-87BF-11BB89CB8BB3}.Release|x86.ActiveCfg = Release|Any CPU
		{C6F98B69-0D2B-46A9-87BF-11BB89CB8BB3}.Release|x86.Build.0 = Release|Any CPU
		{C363A60C-2A0F-4FA6-82AC-6067A47F6AAB}.Debug|Any CPU.ActiveCfg = Debug|Any CPU
		{C363A60C-2A0F-4FA6-82AC-6067A47F6AAB}.Debug|Any CPU.Build.0 = Debug|Any CPU
		{C363A60C-2A0F-4FA6-82AC-6067A47F6AAB}.Debug|x64.ActiveCfg = Debug|Any CPU
		{C363A60C-2A0F-4FA6-82AC-6067A47F6AAB}.Debug|x64.Build.0 = Debug|Any CPU
		{C363A60C-2A0F-4FA6-82AC-6067A47F6AAB}.Debug|x86.ActiveCfg = Debug|Any CPU
		{C363A60C-2A0F-4FA6-82AC-6067A47F6AAB}.Debug|x86.Build.0 = Debug|Any CPU
		{C363A60C-2A0F-4FA6-82AC-6067A47F6AAB}.Release|Any CPU.ActiveCfg = Release|Any CPU
		{C363A60C-2A0F-4FA6-82AC-6067A47F6AAB}.Release|Any CPU.Build.0 = Release|Any CPU
		{C363A60C-2A0F-4FA6-82AC-6067A47F6AAB}.Release|x64.ActiveCfg = Release|Any CPU
		{C363A60C-2A0F-4FA6-82AC-6067A47F6AAB}.Release|x64.Build.0 = Release|Any CPU
		{C363A60C-2A0F-4FA6-82AC-6067A47F6AAB}.Release|x86.ActiveCfg = Release|Any CPU
		{C363A60C-2A0F-4FA6-82AC-6067A47F6AAB}.Release|x86.Build.0 = Release|Any CPU
		{47E794A4-35E2-48B1-8892-647BB2534DBA}.Debug|Any CPU.ActiveCfg = Debug|Any CPU
		{47E794A4-35E2-48B1-8892-647BB2534DBA}.Debug|Any CPU.Build.0 = Debug|Any CPU
		{47E794A4-35E2-48B1-8892-647BB2534DBA}.Debug|x64.ActiveCfg = Debug|Any CPU
		{47E794A4-35E2-48B1-8892-647BB2534DBA}.Debug|x64.Build.0 = Debug|Any CPU
		{47E794A4-35E2-48B1-8892-647BB2534DBA}.Debug|x86.ActiveCfg = Debug|Any CPU
		{47E794A4-35E2-48B1-8892-647BB2534DBA}.Debug|x86.Build.0 = Debug|Any CPU
		{47E794A4-35E2-48B1-8892-647BB2534DBA}.Release|Any CPU.ActiveCfg = Release|Any CPU
		{47E794A4-35E2-48B1-8892-647BB2534DBA}.Release|Any CPU.Build.0 = Release|Any CPU
		{47E794A4-35E2-48B1-8892-647BB2534DBA}.Release|x64.ActiveCfg = Release|Any CPU
		{47E794A4-35E2-48B1-8892-647BB2534DBA}.Release|x64.Build.0 = Release|Any CPU
		{47E794A4-35E2-48B1-8892-647BB2534DBA}.Release|x86.ActiveCfg = Release|Any CPU
		{47E794A4-35E2-48B1-8892-647BB2534DBA}.Release|x86.Build.0 = Release|Any CPU
		{C34A4CE2-4EBE-4D32-8D9C-24C9680835B8}.Debug|Any CPU.ActiveCfg = Debug|Any CPU
		{C34A4CE2-4EBE-4D32-8D9C-24C9680835B8}.Debug|Any CPU.Build.0 = Debug|Any CPU
		{C34A4CE2-4EBE-4D32-8D9C-24C9680835B8}.Debug|x64.ActiveCfg = Debug|Any CPU
		{C34A4CE2-4EBE-4D32-8D9C-24C9680835B8}.Debug|x64.Build.0 = Debug|Any CPU
		{C34A4CE2-4EBE-4D32-8D9C-24C9680835B8}.Debug|x86.ActiveCfg = Debug|Any CPU
		{C34A4CE2-4EBE-4D32-8D9C-24C9680835B8}.Debug|x86.Build.0 = Debug|Any CPU
		{C34A4CE2-4EBE-4D32-8D9C-24C9680835B8}.Release|Any CPU.ActiveCfg = Release|Any CPU
		{C34A4CE2-4EBE-4D32-8D9C-24C9680835B8}.Release|Any CPU.Build.0 = Release|Any CPU
		{C34A4CE2-4EBE-4D32-8D9C-24C9680835B8}.Release|x64.ActiveCfg = Release|Any CPU
		{C34A4CE2-4EBE-4D32-8D9C-24C9680835B8}.Release|x64.Build.0 = Release|Any CPU
		{C34A4CE2-4EBE-4D32-8D9C-24C9680835B8}.Release|x86.ActiveCfg = Release|Any CPU
		{C34A4CE2-4EBE-4D32-8D9C-24C9680835B8}.Release|x86.Build.0 = Release|Any CPU
		{EAB4336A-FF5D-3E39-95BC-E5BED7861A87}.Debug|Any CPU.ActiveCfg = Debug|Any CPU
		{EAB4336A-FF5D-3E39-95BC-E5BED7861A87}.Debug|Any CPU.Build.0 = Debug|Any CPU
		{EAB4336A-FF5D-3E39-95BC-E5BED7861A87}.Debug|x64.ActiveCfg = Debug|Any CPU
		{EAB4336A-FF5D-3E39-95BC-E5BED7861A87}.Debug|x64.Build.0 = Debug|Any CPU
		{EAB4336A-FF5D-3E39-95BC-E5BED7861A87}.Debug|x86.ActiveCfg = Debug|Any CPU
		{EAB4336A-FF5D-3E39-95BC-E5BED7861A87}.Debug|x86.Build.0 = Debug|Any CPU
		{EAB4336A-FF5D-3E39-95BC-E5BED7861A87}.Release|Any CPU.ActiveCfg = Release|Any CPU
		{EAB4336A-FF5D-3E39-95BC-E5BED7861A87}.Release|Any CPU.Build.0 = Release|Any CPU
		{EAB4336A-FF5D-3E39-95BC-E5BED7861A87}.Release|x64.ActiveCfg = Release|Any CPU
		{EAB4336A-FF5D-3E39-95BC-E5BED7861A87}.Release|x64.Build.0 = Release|Any CPU
		{EAB4336A-FF5D-3E39-95BC-E5BED7861A87}.Release|x86.ActiveCfg = Release|Any CPU
		{EAB4336A-FF5D-3E39-95BC-E5BED7861A87}.Release|x86.Build.0 = Release|Any CPU
		{2C67508D-0794-577A-FA6D-D6CA288EB905}.Debug|Any CPU.ActiveCfg = Debug|Any CPU
		{2C67508D-0794-577A-FA6D-D6CA288EB905}.Debug|Any CPU.Build.0 = Debug|Any CPU
		{2C67508D-0794-577A-FA6D-D6CA288EB905}.Debug|x64.ActiveCfg = Debug|Any CPU
		{2C67508D-0794-577A-FA6D-D6CA288EB905}.Debug|x64.Build.0 = Debug|Any CPU
		{2C67508D-0794-577A-FA6D-D6CA288EB905}.Debug|x86.ActiveCfg = Debug|Any CPU
		{2C67508D-0794-577A-FA6D-D6CA288EB905}.Debug|x86.Build.0 = Debug|Any CPU
		{2C67508D-0794-577A-FA6D-D6CA288EB905}.Release|Any CPU.ActiveCfg = Release|Any CPU
		{2C67508D-0794-577A-FA6D-D6CA288EB905}.Release|Any CPU.Build.0 = Release|Any CPU
		{2C67508D-0794-577A-FA6D-D6CA288EB905}.Release|x64.ActiveCfg = Release|Any CPU
		{2C67508D-0794-577A-FA6D-D6CA288EB905}.Release|x64.Build.0 = Release|Any CPU
		{2C67508D-0794-577A-FA6D-D6CA288EB905}.Release|x86.ActiveCfg = Release|Any CPU
		{2C67508D-0794-577A-FA6D-D6CA288EB905}.Release|x86.Build.0 = Release|Any CPU
		{94F89A15-5E5E-589C-5F64-9A9353B4E93C}.Debug|Any CPU.ActiveCfg = Debug|Any CPU
		{94F89A15-5E5E-589C-5F64-9A9353B4E93C}.Debug|Any CPU.Build.0 = Debug|Any CPU
		{94F89A15-5E5E-589C-5F64-9A9353B4E93C}.Debug|x64.ActiveCfg = Debug|Any CPU
		{94F89A15-5E5E-589C-5F64-9A9353B4E93C}.Debug|x64.Build.0 = Debug|Any CPU
		{94F89A15-5E5E-589C-5F64-9A9353B4E93C}.Debug|x86.ActiveCfg = Debug|Any CPU
		{94F89A15-5E5E-589C-5F64-9A9353B4E93C}.Debug|x86.Build.0 = Debug|Any CPU
		{94F89A15-5E5E-589C-5F64-9A9353B4E93C}.Release|Any CPU.ActiveCfg = Release|Any CPU
		{94F89A15-5E5E-589C-5F64-9A9353B4E93C}.Release|Any CPU.Build.0 = Release|Any CPU
		{94F89A15-5E5E-589C-5F64-9A9353B4E93C}.Release|x64.ActiveCfg = Release|Any CPU
		{94F89A15-5E5E-589C-5F64-9A9353B4E93C}.Release|x64.Build.0 = Release|Any CPU
		{94F89A15-5E5E-589C-5F64-9A9353B4E93C}.Release|x86.ActiveCfg = Release|Any CPU
		{94F89A15-5E5E-589C-5F64-9A9353B4E93C}.Release|x86.Build.0 = Release|Any CPU
		{EBCFB483-A6DE-4A98-B4B5-DF39BBDBDF7A}.Debug|Any CPU.ActiveCfg = Debug|Any CPU
		{EBCFB483-A6DE-4A98-B4B5-DF39BBDBDF7A}.Debug|Any CPU.Build.0 = Debug|Any CPU
		{EBCFB483-A6DE-4A98-B4B5-DF39BBDBDF7A}.Debug|x64.ActiveCfg = Debug|Any CPU
		{EBCFB483-A6DE-4A98-B4B5-DF39BBDBDF7A}.Debug|x64.Build.0 = Debug|Any CPU
		{EBCFB483-A6DE-4A98-B4B5-DF39BBDBDF7A}.Debug|x86.ActiveCfg = Debug|Any CPU
		{EBCFB483-A6DE-4A98-B4B5-DF39BBDBDF7A}.Debug|x86.Build.0 = Debug|Any CPU
		{EBCFB483-A6DE-4A98-B4B5-DF39BBDBDF7A}.Release|Any CPU.ActiveCfg = Release|Any CPU
		{EBCFB483-A6DE-4A98-B4B5-DF39BBDBDF7A}.Release|Any CPU.Build.0 = Release|Any CPU
		{EBCFB483-A6DE-4A98-B4B5-DF39BBDBDF7A}.Release|x64.ActiveCfg = Release|Any CPU
		{EBCFB483-A6DE-4A98-B4B5-DF39BBDBDF7A}.Release|x64.Build.0 = Release|Any CPU
		{EBCFB483-A6DE-4A98-B4B5-DF39BBDBDF7A}.Release|x86.ActiveCfg = Release|Any CPU
		{EBCFB483-A6DE-4A98-B4B5-DF39BBDBDF7A}.Release|x86.Build.0 = Release|Any CPU
		{ECC04B58-03DC-447A-A08F-5044B971BC41}.Debug|Any CPU.ActiveCfg = Debug|Any CPU
		{ECC04B58-03DC-447A-A08F-5044B971BC41}.Debug|Any CPU.Build.0 = Debug|Any CPU
		{ECC04B58-03DC-447A-A08F-5044B971BC41}.Debug|x64.ActiveCfg = Debug|Any CPU
		{ECC04B58-03DC-447A-A08F-5044B971BC41}.Debug|x64.Build.0 = Debug|Any CPU
		{ECC04B58-03DC-447A-A08F-5044B971BC41}.Debug|x86.ActiveCfg = Debug|Any CPU
		{ECC04B58-03DC-447A-A08F-5044B971BC41}.Debug|x86.Build.0 = Debug|Any CPU
		{ECC04B58-03DC-447A-A08F-5044B971BC41}.Release|Any CPU.ActiveCfg = Release|Any CPU
		{ECC04B58-03DC-447A-A08F-5044B971BC41}.Release|Any CPU.Build.0 = Release|Any CPU
		{ECC04B58-03DC-447A-A08F-5044B971BC41}.Release|x64.ActiveCfg = Release|Any CPU
		{ECC04B58-03DC-447A-A08F-5044B971BC41}.Release|x64.Build.0 = Release|Any CPU
		{ECC04B58-03DC-447A-A08F-5044B971BC41}.Release|x86.ActiveCfg = Release|Any CPU
		{ECC04B58-03DC-447A-A08F-5044B971BC41}.Release|x86.Build.0 = Release|Any CPU
		{A17A8CCC-0D28-4568-B69C-A7CE77E085C2}.Debug|Any CPU.ActiveCfg = Debug|Any CPU
		{A17A8CCC-0D28-4568-B69C-A7CE77E085C2}.Debug|Any CPU.Build.0 = Debug|Any CPU
		{A17A8CCC-0D28-4568-B69C-A7CE77E085C2}.Debug|x64.ActiveCfg = Debug|Any CPU
		{A17A8CCC-0D28-4568-B69C-A7CE77E085C2}.Debug|x64.Build.0 = Debug|Any CPU
		{A17A8CCC-0D28-4568-B69C-A7CE77E085C2}.Debug|x86.ActiveCfg = Debug|Any CPU
		{A17A8CCC-0D28-4568-B69C-A7CE77E085C2}.Debug|x86.Build.0 = Debug|Any CPU
		{A17A8CCC-0D28-4568-B69C-A7CE77E085C2}.Release|Any CPU.ActiveCfg = Release|Any CPU
		{A17A8CCC-0D28-4568-B69C-A7CE77E085C2}.Release|Any CPU.Build.0 = Release|Any CPU
		{A17A8CCC-0D28-4568-B69C-A7CE77E085C2}.Release|x64.ActiveCfg = Release|Any CPU
		{A17A8CCC-0D28-4568-B69C-A7CE77E085C2}.Release|x64.Build.0 = Release|Any CPU
		{A17A8CCC-0D28-4568-B69C-A7CE77E085C2}.Release|x86.ActiveCfg = Release|Any CPU
		{A17A8CCC-0D28-4568-B69C-A7CE77E085C2}.Release|x86.Build.0 = Release|Any CPU
		{2C19FAE4-57C9-4748-B957-77BF52B7315C}.Debug|Any CPU.ActiveCfg = Debug|Any CPU
		{2C19FAE4-57C9-4748-B957-77BF52B7315C}.Debug|Any CPU.Build.0 = Debug|Any CPU
		{2C19FAE4-57C9-4748-B957-77BF52B7315C}.Debug|x64.ActiveCfg = Debug|Any CPU
		{2C19FAE4-57C9-4748-B957-77BF52B7315C}.Debug|x64.Build.0 = Debug|Any CPU
		{2C19FAE4-57C9-4748-B957-77BF52B7315C}.Debug|x86.ActiveCfg = Debug|Any CPU
		{2C19FAE4-57C9-4748-B957-77BF52B7315C}.Debug|x86.Build.0 = Debug|Any CPU
		{2C19FAE4-57C9-4748-B957-77BF52B7315C}.Release|Any CPU.ActiveCfg = Release|Any CPU
		{2C19FAE4-57C9-4748-B957-77BF52B7315C}.Release|Any CPU.Build.0 = Release|Any CPU
		{2C19FAE4-57C9-4748-B957-77BF52B7315C}.Release|x64.ActiveCfg = Release|Any CPU
		{2C19FAE4-57C9-4748-B957-77BF52B7315C}.Release|x64.Build.0 = Release|Any CPU
		{2C19FAE4-57C9-4748-B957-77BF52B7315C}.Release|x86.ActiveCfg = Release|Any CPU
		{2C19FAE4-57C9-4748-B957-77BF52B7315C}.Release|x86.Build.0 = Release|Any CPU
	EndGlobalSection
	GlobalSection(SolutionProperties) = preSolution
		HideSolutionNode = FALSE
	EndGlobalSection
	GlobalSection(NestedProjects) = preSolution
		{42DEA337-EBF1-7251-EFE1-0A4C9422A6A3} = {43FEB324-AFB1-413E-8C53-3911914811B3}
		{A671E2F6-EF72-94C8-C638-50044BFC1DB6} = {43FEB324-AFB1-413E-8C53-3911914811B3}
		{866CFC84-B0E0-A06D-3E53-677892036E36} = {43FEB324-AFB1-413E-8C53-3911914811B3}
		{727C3685-A034-E737-02E4-91DE10CC40BD} = {43FEB324-AFB1-413E-8C53-3911914811B3}
		{9DBF1C71-892C-7794-4D01-5A32CC9BCD7F} = {43FEB324-AFB1-413E-8C53-3911914811B3}
		{BF32AC7B-631F-74AD-EE96-2BF72B48C64C} = {43FEB324-AFB1-413E-8C53-3911914811B3}
		{1AF841E1-1AC1-1C00-E7AC-D5678B869A38} = {43FEB324-AFB1-413E-8C53-3911914811B3}
		{A7CE35FA-DF4C-454D-81C5-A4D179CD4B08} = {43FEB324-AFB1-413E-8C53-3911914811B3}
		{C6F98B69-0D2B-46A9-87BF-11BB89CB8BB3} = {43FEB324-AFB1-413E-8C53-3911914811B3}
		{47E794A4-35E2-48B1-8892-647BB2534DBA} = {43FEB324-AFB1-413E-8C53-3911914811B3}
		{C34A4CE2-4EBE-4D32-8D9C-24C9680835B8} = {43FEB324-AFB1-413E-8C53-3911914811B3}
		{EAB4336A-FF5D-3E39-95BC-E5BED7861A87} = {43FEB324-AFB1-413E-8C53-3911914811B3}
		{2C67508D-0794-577A-FA6D-D6CA288EB905} = {43FEB324-AFB1-413E-8C53-3911914811B3}
		{94F89A15-5E5E-589C-5F64-9A9353B4E93C} = {43FEB324-AFB1-413E-8C53-3911914811B3}
		{EBCFB483-A6DE-4A98-B4B5-DF39BBDBDF7A} = {43FEB324-AFB1-413E-8C53-3911914811B3}
		{ECC04B58-03DC-447A-A08F-5044B971BC41} = {43FEB324-AFB1-413E-8C53-3911914811B3}
		{A17A8CCC-0D28-4568-B69C-A7CE77E085C2} = {43FEB324-AFB1-413E-8C53-3911914811B3}
	EndGlobalSection
	GlobalSection(ExtensibilityGlobals) = postSolution
		SolutionGuid = {9B467041-BEF5-44A2-9B83-376C5C46062C}
	EndGlobalSection
EndGlobal
